# THIS IS AN AUTOGENERATED FILE. DO NOT EDIT THIS FILE DIRECTLY.
# yarn lockfile v1


clsx@^1.1.1:
  version "1.1.1"
  resolved "https://registry.yarnpkg.com/clsx/-/clsx-1.1.1.tgz#98b3134f9abbdf23b2663491ace13c5c03a73188"
  integrity sha512-6/bPho624p3S2pMyvP5kKBPXnI3ufHLObBFCfgx+LkeR5lg2XYy2hqZqUf45ypD8COn2bhgGJSUE+l5dhNBieA==

react-toastify@^8.0.2:
  version "8.0.2"
  resolved "https://registry.yarnpkg.com/react-toastify/-/react-toastify-8.0.2.tgz#11f73b3a847fcffeb47b1823e8974e9895f98fae"
  integrity sha512-0Nud2d0VD4LIevgkB4L8NYoQ5plTpfqgj2CRVxs58SGA/TTO+2Ojz4C1bLUdGUWsw0zuWqd4GJqxNuMIv0cXMw==
  dependencies:
    clsx "^1.1.1"
